
Microsoft Visual Studio Solution File, Format Version 12.00
# Visual Studio Version 17
VisualStudioVersion = 17.0.32002.185
MinimumVisualStudioVersion = 10.0.40219.1
Project("{FAE04EC0-301F-11D3-BF4B-00C04F79EFBC}") = "FinalProjectISC", "FinalProjectISC\FinalProjectISC.csproj", "{1233C0A2-BDCA-4BB6-9506-9F9AFB1D63AF}"
EndProject
Project("{00D1A9C2-B5F0-4AF3-8072-F6C62B433612}") = "ISCDatabase", "ISCDatabase\ISCDatabase.sqlproj", "{917C11CC-0C1E-4E0F-BAEB-95E923927D8F}"
EndProject
Project("{FAE04EC0-301F-11D3-BF4B-00C04F79EFBC}") = "ISCform", "ISCform\ISCform.csproj", "{BB7A4A2D-9BA6-4D70-9A61-221E8CDE7F3C}"
EndProject
Global
	GlobalSection(SolutionConfigurationPlatforms) = preSolution
		Debug|Any CPU = Debug|Any CPU
		Release|Any CPU = Release|Any CPU
	EndGlobalSection
	GlobalSection(ProjectConfigurationPlatforms) = postSolution
		{1233C0A2-BDCA-4BB6-9506-9F9AFB1D63AF}.Debug|Any CPU.ActiveCfg = Debug|Any CPU
		{1233C0A2-BDCA-4BB6-9506-9F9AFB1D63AF}.Debug|Any CPU.Build.0 = Debug|Any CPU
		{1233C0A2-BDCA-4BB6-9506-9F9AFB1D63AF}.Release|Any CPU.ActiveCfg = Release|Any CPU
		{1233C0A2-BDCA-4BB6-9506-9F9AFB1D63AF}.Release|Any CPU.Build.0 = Release|Any CPU
		{917C11CC-0C1E-4E0F-BAEB-95E923927D8F}.Debug|Any CPU.ActiveCfg = Debug|Any CPU
		{917C11CC-0C1E-4E0F-BAEB-95E923927D8F}.Debug|Any CPU.Build.0 = Debug|Any CPU
		{917C11CC-0C1E-4E0F-BAEB-95E923927D8F}.Debug|Any CPU.Deploy.0 = Debug|Any CPU
		{917C11CC-0C1E-4E0F-BAEB-95E923927D8F}.Release|Any CPU.ActiveCfg = Release|Any CPU
		{917C11CC-0C1E-4E0F-BAEB-95E923927D8F}.Release|Any CPU.Build.0 = Release|Any CPU
		{917C11CC-0C1E-4E0F-BAEB-95E923927D8F}.Release|Any CPU.Deploy.0 = Release|Any CPU
		{BB7A4A2D-9BA6-4D70-9A61-221E8CDE7F3C}.Debug|Any CPU.ActiveCfg = Debug|Any CPU
		{BB7A4A2D-9BA6-4D70-9A61-221E8CDE7F3C}.Debug|Any CPU.Build.0 = Debug|Any CPU
		{BB7A4A2D-9BA6-4D70-9A61-221E8CDE7F3C}.Release|Any CPU.ActiveCfg = Release|Any CPU
		{BB7A4A2D-9BA6-4D70-9A61-221E8CDE7F3C}.Release|Any CPU.Build.0 = Release|Any CPU
	EndGlobalSection
	GlobalSection(SolutionProperties) = preSolution
		HideSolutionNode = FALSE
	EndGlobalSection
	GlobalSection(ExtensibilityGlobals) = postSolution
		SolutionGuid = {3EC0B148-9F81-44CF-8B69-4D4E9D5B1062}
	EndGlobalSection
EndGlobal
